# THIS IS AN AUTOGENERATED FILE. DO NOT EDIT THIS FILE DIRECTLY.
# yarn lockfile v1


"@tool-developer/wo-base-storage@^0.0.2":
  version "0.0.2"
  resolved "https://registry.npmjs.org/@tool-developer/wo-base-storage/-/wo-base-storage-0.0.2.tgz#3e475e1b3575139d1c5fc3f6be60370fc4eba404"
  integrity sha512-V/rhT+7jand9NWp1hLfOZPeWsTZgPSVqLiwSD9iaOh/7nIn5KhFj6ZLVDnKUFohIVCIRwZxwC2WTIe9FCxPcDg==

"@tool-developer/wx-unit@^0.0.5":
  version "0.0.5"
  resolved "https://registry.npmjs.org/@tool-developer/wx-unit/-/wx-unit-0.0.5.tgz#c72225a3d15e47e91d2055cf12a59e3862bc7052"
  integrity sha512-HI3RYcuveufrkyoampNGcHVBu/+3gI16V8sAB0EyXOWOG5/ihg2r+StwEUKuH8spyqnIeIjLFonAS5gAZZ9Uvg==
