# THIS IS AN AUTOGENERATED FILE. DO NOT EDIT THIS FILE DIRECTLY.
# yarn lockfile v1


"@tool-developer/wo-base-md5@^0.0.2":
  version "0.0.2"
  resolved "https://registry.npmjs.org/@tool-developer/wo-base-md5/-/wo-base-md5-0.0.2.tgz#edae4d855adb48b5297a0fa0832ebc6ee44c9253"
  integrity sha512-pVUZKLwa9bSUaq08DQz50FknSintYvhMnpu/pJkURWMGSpcxdIpXQUvkScOgaawqfVmy9m+9t4itaZTCP7B9zQ==
