# THIS IS AN AUTOGENERATED FILE. DO NOT EDIT THIS FILE DIRECTLY.
# yarn lockfile v1


"-@^0.0.1":
  version "0.0.1"
  resolved "https://r.cnpmjs.org/-/download/--0.0.1.tgz#db6db7cd866142880dd03e5b8781d1b4fac0e5bd"
  integrity sha1-2223zYZhQogN0D5bh4HRtPrA5b0=

async-es@2.6.3:
  version "2.6.3"
  resolved "https://r.cnpmjs.org/async-es/download/async-es-2.6.3.tgz#a28f606fba1dfafa1483fba7f968c4f51ca68995"
  integrity sha1-oo9gb7od+voUg/un+WjE9RymiZU=
  dependencies:
    lodash-es "^4.17.14"

lodash-es@^4.17.14:
  version "4.17.21"
  resolved "https://r.cnpmjs.org/lodash-es/download/lodash-es-4.17.21.tgz#43e626c46e6591b7750beb2b50117390c609e3ee"
  integrity sha1-Q+YmxG5lkbd1C+srUBFzkMYJ4+4=
