# THIS IS AN AUTOGENERATED FILE. DO NOT EDIT THIS FILE DIRECTLY.
# yarn lockfile v1


"@tool-developer/wo-base-utils@^0.0.2":
  version "0.0.2"
  resolved "https://registry.npmjs.org/@tool-developer/wo-base-utils/-/wo-base-utils-0.0.2.tgz#7ea76cec2d3fa5d70818aca22fa0abe3c986b64c"
  integrity sha512-Bgec5Cg+gyXQKFgb2fvnJi0nJIsueNvzjtA37FXq164wczJZaONn0pp/HD7zjyNX60YOfBBO1JwbcHEqMyTRcw==
