# THIS IS AN AUTOGENERATED FILE. DO NOT EDIT THIS FILE DIRECTLY.
# yarn lockfile v1


"@tool-developer/wo-base-request@^0.0.3":
  version "0.0.3"
  resolved "https://registry.npmjs.org/@tool-developer/wo-base-request/-/wo-base-request-0.0.3.tgz#f77369b245f255fc3a8a747ec853da54d233908b"
  integrity sha512-4xAeJ9lYo+N83aWax3UwZ74szHggriQTEml3dceiwhcvkwXkWQ7M2LdAisEhEbh15FEitJhKGuAY2EMVzzAjBw==
  dependencies:
    "@tool-developer/wo-base-utils" "^0.0.3"
    query-string "^7.0.1"

"@tool-developer/wo-base-utils@^0.0.3":
  version "0.0.3"
  resolved "https://registry.npmjs.org/@tool-developer/wo-base-utils/-/wo-base-utils-0.0.3.tgz#3f7fe323b770be075a69ab5a5760c304c52730da"
  integrity sha512-tNs5vlkPPL2b3iAGXHxE1IqiF8RD/NuyrLUVOSz73Am3R7MYvwVwwomQkJa4z69SPIYx6gFRgsoY1ngrGcwjFA==

"@tool-developer/wx-unit@^0.0.6-canary.0":
  version "0.0.6-canary.0"
  resolved "https://registry.npmjs.org/@tool-developer/wx-unit/-/wx-unit-0.0.6-canary.0.tgz#d1a4cc07ca5ff4c5e92f6ba4aa03e02637ae53df"
  integrity sha512-aCsghSaUxTY/ZpsUSwZXF/hGkw8qfdugCzg31jaqT2UJxZUEIqK6sic7k2sLm4U00EqRBcoRw0S5rUIKbXBwJg==

decode-uri-component@^0.2.0:
  version "0.2.0"
  resolved "https://registry.npmjs.org/decode-uri-component/-/decode-uri-component-0.2.0.tgz#eb3913333458775cb84cd1a1fae062106bb87545"
  integrity sha1-6zkTMzRYd1y4TNGh+uBiEGu4dUU=

filter-obj@^1.1.0:
  version "1.1.0"
  resolved "https://registry.npmjs.org/filter-obj/-/filter-obj-1.1.0.tgz#9b311112bc6c6127a16e016c6c5d7f19e0805c5b"
  integrity sha1-mzERErxsYSehbgFsbF1/GeCAXFs=

query-string@^7.0.1:
  version "7.0.1"
  resolved "https://registry.npmjs.org/query-string/-/query-string-7.0.1.tgz#45bd149cf586aaa582dffc7ec7a8ad97dd02f75d"
  integrity sha512-uIw3iRvHnk9to1blJCG3BTc+Ro56CBowJXKmNNAm3RulvPBzWLRqKSiiDk+IplJhsydwtuNMHi8UGQFcCLVfkA==
  dependencies:
    decode-uri-component "^0.2.0"
    filter-obj "^1.1.0"
    split-on-first "^1.0.0"
    strict-uri-encode "^2.0.0"

split-on-first@^1.0.0:
  version "1.1.0"
  resolved "https://registry.npmjs.org/split-on-first/-/split-on-first-1.1.0.tgz#f610afeee3b12bce1d0c30425e76398b78249a5f"
  integrity sha512-43ZssAJaMusuKWL8sKUBQXHWOpq8d6CfN/u1p4gUzfJkM05C8rxTmYrkIPTXapZpORA6LkkzcUulJ8FqA7Uudw==

strict-uri-encode@^2.0.0:
  version "2.0.0"
  resolved "https://registry.npmjs.org/strict-uri-encode/-/strict-uri-encode-2.0.0.tgz#b9c7330c7042862f6b142dc274bbcc5866ce3546"
  integrity sha1-ucczDHBChi9rFC3CdLvMWGbONUY=
